// !$*UTF8*$!
{
	archiveVersion = 1;
	classes = {
	};
	objectVersion = 56;
	objects = {

/* Begin PBXBuildFile section */
		FE66804C2BE14A9B00C62F6C /* AppDelegate.swift in Sources */ = {isa = PBXBuildFile; fileRef = FE66804B2BE14A9B00C62F6C /* AppDelegate.swift */; };
		FE6680552BE14A9C00C62F6C /* Assets.xcassets in Resources */ = {isa = PBXBuildFile; fileRef = FE6680542BE14A9C00C62F6C /* Assets.xcassets */; };
		FE6680582BE14A9C00C62F6C /* Base in Resources */ = {isa = PBXBuildFile; fileRef = FE6680572BE14A9C00C62F6C /* Base */; };
		FE6680602BE14FD500C62F6C /* DevicesViewController.swift in Sources */ = {isa = PBXBuildFile; fileRef = FE66805F2BE14FD500C62F6C /* DevicesViewController.swift */; };
		FE6680622BE1502C00C62F6C /* BLEScanner.swift in Sources */ = {isa = PBXBuildFile; fileRef = FE6680612BE1502C00C62F6C /* BLEScanner.swift */; };
		FE6680642BE1504300C62F6C /* PeripheralModel.swift in Sources */ = {isa = PBXBuildFile; fileRef = FE6680632BE1504300C62F6C /* PeripheralModel.swift */; };
		FE6680662BE1505400C62F6C /* ServiceModel.swift in Sources */ = {isa = PBXBuildFile; fileRef = FE6680652BE1505400C62F6C /* ServiceModel.swift */; };
		FE6680682BE1506100C62F6C /* CharacteristicModel.swift in Sources */ = {isa = PBXBuildFile; fileRef = FE6680672BE1506100C62F6C /* CharacteristicModel.swift */; };
		FE66806D2BE1573700C62F6C /* DeviceCell.xib in Resources */ = {isa = PBXBuildFile; fileRef = FE66806C2BE1573700C62F6C /* DeviceCell.xib */; };
		FE66806E2BE1573700C62F6C /* DeviceCell.swift in Sources */ = {isa = PBXBuildFile; fileRef = FE66806B2BE1573700C62F6C /* DeviceCell.swift */; };
		FE6680782BE1913600C62F6C /* DetailsViewController.swift in Sources */ = {isa = PBXBuildFile; fileRef = FE6680772BE1913600C62F6C /* DetailsViewController.swift */; };
/* End PBXBuildFile section */

/* Begin PBXFileReference section */
		FE6680482BE14A9B00C62F6C /* BLE-Swift.app */ = {isa = PBXFileReference; explicitFileType = wrapper.application; includeInIndex = 0; path = "BLE-Swift.app"; sourceTree = BUILT_PRODUCTS_DIR; };
		FE66804B2BE14A9B00C62F6C /* AppDelegate.swift */ = {isa = PBXFileReference; lastKnownFileType = sourcecode.swift; path = AppDelegate.swift; sourceTree = "<group>"; };
		FE6680542BE14A9C00C62F6C /* Assets.xcassets */ = {isa = PBXFileReference; lastKnownFileType = folder.assetcatalog; path = Assets.xcassets; sourceTree = "<group>"; };
		FE6680572BE14A9C00C62F6C /* Base */ = {isa = PBXFileReference; lastKnownFileType = file.storyboard; name = Base; path = Base.lproj/LaunchScreen.storyboard; sourceTree = "<group>"; };
		FE6680592BE14A9C00C62F6C /* Info.plist */ = {isa = PBXFileReference; lastKnownFileType = text.plist.xml; path = Info.plist; sourceTree = "<group>"; };
		FE66805F2BE14FD500C62F6C /* DevicesViewController.swift */ = {isa = PBXFileReference; lastKnownFileType = sourcecode.swift; path = DevicesViewController.swift; sourceTree = "<group>"; };
		FE6680612BE1502C00C62F6C /* BLEScanner.swift */ = {isa = PBXFileReference; lastKnownFileType = sourcecode.swift; path = BLEScanner.swift; sourceTree = "<group>"; };
		FE6680632BE1504300C62F6C /* PeripheralModel.swift */ = {isa = PBXFileReference; lastKnownFileType = sourcecode.swift; path = PeripheralModel.swift; sourceTree = "<group>"; };
		FE6680652BE1505400C62F6C /* ServiceModel.swift */ = {isa = PBXFileReference; lastKnownFileType = sourcecode.swift; path = ServiceModel.swift; sourceTree = "<group>"; };
		FE6680672BE1506100C62F6C /* CharacteristicModel.swift */ = {isa = PBXFileReference; lastKnownFileType = sourcecode.swift; path = CharacteristicModel.swift; sourceTree = "<group>"; };
		FE66806B2BE1573700C62F6C /* DeviceCell.swift */ = {isa = PBXFileReference; lastKnownFileType = sourcecode.swift; path = DeviceCell.swift; sourceTree = "<group>"; };
		FE66806C2BE1573700C62F6C /* DeviceCell.xib */ = {isa = PBXFileReference; lastKnownFileType = file.xib; path = DeviceCell.xib; sourceTree = "<group>"; };
		FE6680772BE1913600C62F6C /* DetailsViewController.swift */ = {isa = PBXFileReference; lastKnownFileType = sourcecode.swift; path = DetailsViewController.swift; sourceTree = "<group>"; };
/* End PBXFileReference section */

/* Begin PBXFrameworksBuildPhase section */
		FE6680452BE14A9B00C62F6C /* Frameworks */ = {
			isa = PBXFrameworksBuildPhase;
			buildActionMask = 2147483647;
			files = (
			);
			runOnlyForDeploymentPostprocessing = 0;
		};
/* End PBXFrameworksBuildPhase section */

/* Begin PBXGroup section */
		FE66803F2BE14A9B00C62F6C = {
			isa = PBXGroup;
			children = (
				FE66804A2BE14A9B00C62F6C /* BLE-Swift */,
				FE6680492BE14A9B00C62F6C /* Products */,
			);
			sourceTree = "<group>";
		};
		FE6680492BE14A9B00C62F6C /* Products */ = {
			isa = PBXGroup;
			children = (
				FE6680482BE14A9B00C62F6C /* BLE-Swift.app */,
			);
			name = Products;
			sourceTree = "<group>";
		};
		FE66804A2BE14A9B00C62F6C /* BLE-Swift */ = {
			isa = PBXGroup;
			children = (
				FE66804B2BE14A9B00C62F6C /* AppDelegate.swift */,
				FE6680732BE18A0800C62F6C /* Scenarios */,
				FE6680722BE1892300C62F6C /* Supporting Files */,
				FE66806A2BE1541100C62F6C /* Services */,
				FE6680692BE1512400C62F6C /* Models */,
			);
			path = "BLE-Swift";
			sourceTree = "<group>";
		};
		FE6680692BE1512400C62F6C /* Models */ = {
			isa = PBXGroup;
			children = (
				FE6680632BE1504300C62F6C /* PeripheralModel.swift */,
				FE6680652BE1505400C62F6C /* ServiceModel.swift */,
				FE6680672BE1506100C62F6C /* CharacteristicModel.swift */,
			);
			path = Models;
			sourceTree = "<group>";
		};
		FE66806A2BE1541100C62F6C /* Services */ = {
			isa = PBXGroup;
			children = (
				FE6680612BE1502C00C62F6C /* BLEScanner.swift */,
			);
			path = Services;
			sourceTree = "<group>";
		};
		FE66806F2BE1853100C62F6C /* DeviceCell */ = {
			isa = PBXGroup;
			children = (
				FE66806B2BE1573700C62F6C /* DeviceCell.swift */,
				FE66806C2BE1573700C62F6C /* DeviceCell.xib */,
			);
			path = DeviceCell;
			sourceTree = "<group>";
		};
		FE6680722BE1892300C62F6C /* Supporting Files */ = {
			isa = PBXGroup;
			children = (
				FE6680542BE14A9C00C62F6C /* Assets.xcassets */,
				FE6680592BE14A9C00C62F6C /* Info.plist */,
				FE6680562BE14A9C00C62F6C /* LaunchScreen.storyboard */,
			);
			path = "Supporting Files";
			sourceTree = "<group>";
		};
		FE6680732BE18A0800C62F6C /* Scenarios */ = {
			isa = PBXGroup;
			children = (
				FE6680762BE1910200C62F6C /* Details */,
				FE6680752BE18A1D00C62F6C /* Devices */,
			);
			path = Scenarios;
			sourceTree = "<group>";
		};
		FE6680752BE18A1D00C62F6C /* Devices */ = {
			isa = PBXGroup;
			children = (
				FE66806F2BE1853100C62F6C /* DeviceCell */,
				FE66805F2BE14FD500C62F6C /* DevicesViewController.swift */,
			);
			path = Devices;
			sourceTree = "<group>";
		};
		FE6680762BE1910200C62F6C /* Details */ = {
			isa = PBXGroup;
			children = (
				FE6680772BE1913600C62F6C /* DetailsViewController.swift */,
			);
			path = Details;
			sourceTree = "<group>";
		};
/* End PBXGroup section */

/* Begin PBXNativeTarget section */
		FE6680472BE14A9B00C62F6C /* BLE-Swift */ = {
			isa = PBXNativeTarget;
			buildConfigurationList = FE66805C2BE14A9C00C62F6C /* Build configuration list for PBXNativeTarget "BLE-Swift" */;
			buildPhases = (
				FE6680442BE14A9B00C62F6C /* Sources */,
				FE6680452BE14A9B00C62F6C /* Frameworks */,
				FE6680462BE14A9B00C62F6C /* Resources */,
			);
			buildRules = (
			);
			dependencies = (
			);
			name = "BLE-Swift";
			productName = "BLE-Swift";
			productReference = FE6680482BE14A9B00C62F6C /* BLE-Swift.app */;
			productType = "com.apple.product-type.application";
		};
/* End PBXNativeTarget section */

/* Begin PBXProject section */
		FE6680402BE14A9B00C62F6C /* Project object */ = {
			isa = PBXProject;
			attributes = {
				BuildIndependentTargetsInParallel = 1;
				LastSwiftUpdateCheck = 1530;
				LastUpgradeCheck = 1530;
				TargetAttributes = {
					FE6680472BE14A9B00C62F6C = {
						CreatedOnToolsVersion = 15.3;
					};
				};
			};
			buildConfigurationList = FE6680432BE14A9B00C62F6C /* Build configuration list for PBXProject "BLE-Swift" */;
			compatibilityVersion = "Xcode 14.0";
			developmentRegion = en;
			hasScannedForEncodings = 0;
			knownRegions = (
				en,
				Base,
			);
			mainGroup = FE66803F2BE14A9B00C62F6C;
			productRefGroup = FE6680492BE14A9B00C62F6C /* Products */;
			projectDirPath = "";
			projectRoot = "";
			targets = (
				FE6680472BE14A9B00C62F6C /* BLE-Swift */,
			);
		};
/* End PBXProject section */

/* Begin PBXResourcesBuildPhase section */
		FE6680462BE14A9B00C62F6C /* Resources */ = {
			isa = PBXResourcesBuildPhase;
			buildActionMask = 2147483647;
			files = (
				FE6680552BE14A9C00C62F6C /* Assets.xcassets in Resources */,
				FE6680582BE14A9C00C62F6C /* Base in Resources */,
				FE66806D2BE1573700C62F6C /* DeviceCell.xib in Resources */,
			);
			runOnlyForDeploymentPostprocessing = 0;
		};
/* End PBXResourcesBuildPhase section */

/* Begin PBXSourcesBuildPhase section */
		FE6680442BE14A9B00C62F6C /* Sources */ = {
			isa = PBXSourcesBuildPhase;
			buildActionMask = 2147483647;
			files = (
				FE6680682BE1506100C62F6C /* CharacteristicModel.swift in Sources */,
				FE6680662BE1505400C62F6C /* ServiceModel.swift in Sources */,
				FE6680622BE1502C00C62F6C /* BLEScanner.swift in Sources */,
				FE6680782BE1913600C62F6C /* DetailsViewController.swift in Sources */,
				FE66806E2BE1573700C62F6C /* DeviceCell.swift in Sources */,
				FE6680642BE1504300C62F6C /* PeripheralModel.swift in Sources */,
				FE6680602BE14FD500C62F6C /* DevicesViewController.swift in Sources */,
				FE66804C2BE14A9B00C62F6C /* AppDelegate.swift in Sources */,
			);
			runOnlyForDeploymentPostprocessing = 0;
		};
/* End PBXSourcesBuildPhase section */

/* Begin PBXVariantGroup section */
		FE6680562BE14A9C00C62F6C /* LaunchScreen.storyboard */ = {
			isa = PBXVariantGroup;
			children = (
				FE6680572BE14A9C00C62F6C /* Base */,
			);
			name = LaunchScreen.storyboard;
			sourceTree = "<group>";
		};
/* End PBXVariantGroup section */

/* Begin XCBuildConfiguration section */
		FE66805A2BE14A9C00C62F6C /* Debug */ = {
			isa = XCBuildConfiguration;
			buildSettings = {
				ALWAYS_SEARCH_USER_PATHS = NO;
				ASSETCATALOG_COMPILER_GENERATE_SWIFT_ASSET_SYMBOL_EXTENSIONS = YES;
				CLANG_ANALYZER_NONNULL = YES;
				CLANG_ANALYZER_NUMBER_OBJECT_CONVERSION = YES_AGGRESSIVE;
				CLANG_CXX_LANGUAGE_STANDARD = "gnu++20";
				CLANG_ENABLE_MODULES = YES;
				CLANG_ENABLE_OBJC_ARC = YES;
				CLANG_ENABLE_OBJC_WEAK = YES;
				CLANG_WARN_BLOCK_CAPTURE_AUTORELEASING = YES;
				CLANG_WARN_BOOL_CONVERSION = YES;
				CLANG_WARN_COMMA = YES;
				CLANG_WARN_CONSTANT_CONVERSION = YES;
				CLANG_WARN_DEPRECATED_OBJC_IMPLEMENTATIONS = YES;
				CLANG_WARN_DIRECT_OBJC_ISA_USAGE = YES_ERROR;
				CLANG_WARN_DOCUMENTATION_COMMENTS = YES;
				CLANG_WARN_EMPTY_BODY = YES;
				CLANG_WARN_ENUM_CONVERSION = YES;
				CLANG_WARN_INFINITE_RECURSION = YES;
				CLANG_WARN_INT_CONVERSION = YES;
				CLANG_WARN_NON_LITERAL_NULL_CONVERSION = YES;
				CLANG_WARN_OBJC_IMPLICIT_RETAIN_SELF = YES;
				CLANG_WARN_OBJC_LITERAL_CONVERSION = YES;
				CLANG_WARN_OBJC_ROOT_CLASS = YES_ERROR;
				CLANG_WARN_QUOTED_INCLUDE_IN_FRAMEWORK_HEADER = YES;
				CLANG_WARN_RANGE_LOOP_ANALYSIS = YES;
				CLANG_WARN_STRICT_PROTOTYPES = YES;
				CLANG_WARN_SUSPICIOUS_MOVE = YES;
				CLANG_WARN_UNGUARDED_AVAILABILITY = YES_AGGRESSIVE;
				CLANG_WARN_UNREACHABLE_CODE = YES;
				CLANG_WARN__DUPLICATE_METHOD_MATCH = YES;
				COPY_PHASE_STRIP = NO;
				DEBUG_INFORMATION_FORMAT = dwarf;
				ENABLE_STRICT_OBJC_MSGSEND = YES;
				ENABLE_TESTABILITY = YES;
				ENABLE_USER_SCRIPT_SANDBOXING = YES;
				GCC_C_LANGUAGE_STANDARD = gnu17;
				GCC_DYNAMIC_NO_PIC = NO;
				GCC_NO_COMMON_BLOCKS = YES;
				GCC_OPTIMIZATION_LEVEL = 0;
				GCC_PREPROCESSOR_DEFINITIONS = (
					"DEBUG=1",
					"$(inherited)",
				);
				GCC_WARN_64_TO_32_BIT_CONVERSION = YES;
				GCC_WARN_ABOUT_RETURN_TYPE = YES_ERROR;
				GCC_WARN_UNDECLARED_SELECTOR = YES;
				GCC_WARN_UNINITIALIZED_AUTOS = YES_AGGRESSIVE;
				GCC_WARN_UNUSED_FUNCTION = YES;
				GCC_WARN_UNUSED_VARIABLE = YES;
				IPHONEOS_DEPLOYMENT_TARGET = 17.4;
				LOCALIZATION_PREFERS_STRING_CATALOGS = YES;
				MTL_ENABLE_DEBUG_INFO = INCLUDE_SOURCE;
				MTL_FAST_MATH = YES;
				ONLY_ACTIVE_ARCH = YES;
				SDKROOT = iphoneos;
				SWIFT_ACTIVE_COMPILATION_CONDITIONS = "DEBUG $(inherited)";
				SWIFT_OPTIMIZATION_LEVEL = "-Onone";
			};
			name = Debug;
		};
		FE66805B2BE14A9C00C62F6C /* Release */ = {
			isa = XCBuildConfiguration;
			buildSettings = {
				ALWAYS_SEARCH_USER_PATHS = NO;
				ASSETCATALOG_COMPILER_GENERATE_SWIFT_ASSET_SYMBOL_EXTENSIONS = YES;
				CLANG_ANALYZER_NONNULL = YES;
				CLANG_ANALYZER_NUMBER_OBJECT_CONVERSION = YES_AGGRESSIVE;
				CLANG_CXX_LANGUAGE_STANDARD = "gnu++20";
				CLANG_ENABLE_MODULES = YES;
				CLANG_ENABLE_OBJC_ARC = YES;
				CLANG_ENABLE_OBJC_WEAK = YES;
				CLANG_WARN_BLOCK_CAPTURE_AUTORELEASING = YES;
				CLANG_WARN_BOOL_CONVERSION = YES;
				CLANG_WARN_COMMA = YES;
				CLANG_WARN_CONSTANT_CONVERSION = YES;
				CLANG_WARN_DEPRECATED_OBJC_IMPLEMENTATIONS = YES;
				CLANG_WARN_DIRECT_OBJC_ISA_USAGE = YES_ERROR;
				CLANG_WARN_DOCUMENTATION_COMMENTS = YES;
				CLANG_WARN_EMPTY_BODY = YES;
				CLANG_WARN_ENUM_CONVERSION = YES;
				CLANG_WARN_INFINITE_RECURSION = YES;
				CLANG_WARN_INT_CONVERSION = YES;
				CLANG_WARN_NON_LITERAL_NULL_CONVERSION = YES;
				CLANG_WARN_OBJC_IMPLICIT_RETAIN_SELF = YES;
				CLANG_WARN_OBJC_LITERAL_CONVERSION = YES;
				CLANG_WARN_OBJC_ROOT_CLASS = YES_ERROR;
				CLANG_WARN_QUOTED_INCLUDE_IN_FRAMEWORK_HEADER = YES;
				CLANG_WARN_RANGE_LOOP_ANALYSIS = YES;
				CLANG_WARN_STRICT_PROTOTYPES = YES;
				CLANG_WARN_SUSPICIOUS_MOVE = YES;
				CLANG_WARN_UNGUARDED_AVAILABILITY = YES_AGGRESSIVE;
				CLANG_WARN_UNREACHABLE_CODE = YES;
				CLANG_WARN__DUPLICATE_METHOD_MATCH = YES;
				COPY_PHASE_STRIP = NO;
				DEBUG_INFORMATION_FORMAT = "dwarf-with-dsym";
				ENABLE_NS_ASSERTIONS = NO;
				ENABLE_STRICT_OBJC_MSGSEND = YES;
				ENABLE_USER_SCRIPT_SANDBOXING = YES;
				GCC_C_LANGUAGE_STANDARD = gnu17;
				GCC_NO_COMMON_BLOCKS = YES;
				GCC_WARN_64_TO_32_BIT_CONVERSION = YES;
				GCC_WARN_ABOUT_RETURN_TYPE = YES_ERROR;
				GCC_WARN_UNDECLARED_SELECTOR = YES;
				GCC_WARN_UNINITIALIZED_AUTOS = YES_AGGRESSIVE;
				GCC_WARN_UNUSED_FUNCTION = YES;
				GCC_WARN_UNUSED_VARIABLE = YES;
				IPHONEOS_DEPLOYMENT_TARGET = 17.4;
				LOCALIZATION_PREFERS_STRING_CATALOGS = YES;
				MTL_ENABLE_DEBUG_INFO = NO;
				MTL_FAST_MATH = YES;
				SDKROOT = iphoneos;
				SWIFT_COMPILATION_MODE = wholemodule;
				VALIDATE_PRODUCT = YES;
			};
			name = Release;
		};
		FE66805D2BE14A9C00C62F6C /* Debug */ = {
			isa = XCBuildConfiguration;
			buildSettings = {
				ASSETCATALOG_COMPILER_APPICON_NAME = AppIcon;
				ASSETCATALOG_COMPILER_GLOBAL_ACCENT_COLOR_NAME = AccentColor;
				CODE_SIGN_STYLE = Automatic;
				CURRENT_PROJECT_VERSION = 1;
				DEVELOPMENT_TEAM = U5C6Y689FA;
				GENERATE_INFOPLIST_FILE = YES;
				INFOPLIST_FILE = "BLE-Swift/Supporting Files/Info.plist";
				INFOPLIST_KEY_UIApplicationSupportsIndirectInputEvents = YES;
				INFOPLIST_KEY_UILaunchStoryboardName = LaunchScreen;
				INFOPLIST_KEY_UIMainStoryboardFile = "";
				INFOPLIST_KEY_UISupportedInterfaceOrientations_iPad = "UIInterfaceOrientationPortrait UIInterfaceOrientationPortraitUpsideDown UIInterfaceOrientationLandscapeLeft UIInterfaceOrientationLandscapeRight";
				INFOPLIST_KEY_UISupportedInterfaceOrientations_iPhone = "UIInterfaceOrientationPortrait UIInterfaceOrientationLandscapeLeft UIInterfaceOrientationLandscapeRight";
				LD_RUNPATH_SEARCH_PATHS = (
					"$(inherited)",
					"@executable_path/Frameworks",
				);
				MARKETING_VERSION = 1.0;
				PRODUCT_BUNDLE_IDENTIFIER = "hwrlshn.BLE-Swift";
				PRODUCT_NAME = "$(TARGET_NAME)";
				SWIFT_EMIT_LOC_STRINGS = YES;
				SWIFT_VERSION = 5.0;
				TARGETED_DEVICE_FAMILY = "1,2";
			};
			name = Debug;
		};
		FE66805E2BE14A9C00C62F6C /* Release */ = {
			isa = XCBuildConfiguration;
			buildSettings = {
				ASSETCATALOG_COMPILER_APPICON_NAME = AppIcon;
				ASSETCATALOG_COMPILER_GLOBAL_ACCENT_COLOR_NAME = AccentColor;
				CODE_SIGN_STYLE = Automatic;
				CURRENT_PROJECT_VERSION = 1;
				DEVELOPMENT_TEAM = U5C6Y689FA;
				GENERATE_INFOPLIST_FILE = YES;
				INFOPLIST_FILE = "BLE-Swift/Supporting Files/Info.plist";
				INFOPLIST_KEY_UIApplicationSupportsIndirectInputEvents = YES;
				INFOPLIST_KEY_UILaunchStoryboardName = LaunchScreen;
				INFOPLIST_KEY_UIMainStoryboardFile = "";
				INFOPLIST_KEY_UISupportedInterfaceOrientations_iPad = "UIInterfaceOrientationPortrait UIInterfaceOrientationPortraitUpsideDown UIInterfaceOrientationLandscapeLeft UIInterfaceOrientationLandscapeRight";
				INFOPLIST_KEY_UISupportedInterfaceOrientations_iPhone = "UIInterfaceOrientationPortrait UIInterfaceOrientationLandscapeLeft UIInterfaceOrientationLandscapeRight";
				LD_RUNPATH_SEARCH_PATHS = (
					"$(inherited)",
					"@executable_path/Frameworks",
				);
				MARKETING_VERSION = 1.0;
				PRODUCT_BUNDLE_IDENTIFIER = "hwrlshn.BLE-Swift";
				PRODUCT_NAME = "$(TARGET_NAME)";
				SWIFT_EMIT_LOC_STRINGS = YES;
				SWIFT_VERSION = 5.0;
				TARGETED_DEVICE_FAMILY = "1,2";
			};
			name = Release;
		};
/* End XCBuildConfiguration section */

/* Begin XCConfigurationList section */
		FE6680432BE14A9B00C62F6C /* Build configuration list for PBXProject "BLE-Swift" */ = {
			isa = XCConfigurationList;
			buildConfigurations = (
				FE66805A2BE14A9C00C62F6C /* Debug */,
				FE66805B2BE14A9C00C62F6C /* Release */,
			);
			defaultConfigurationIsVisible = 0;
			defaultConfigurationName = Release;
		};
		FE66805C2BE14A9C00C62F6C /* Build configuration list for PBXNativeTarget "BLE-Swift" */ = {
			isa = XCConfigurationList;
			buildConfigurations = (
				FE66805D2BE14A9C00C62F6C /* Debug */,
				FE66805E2BE14A9C00C62F6C /* Release */,
			);
			defaultConfigurationIsVisible = 0;
			defaultConfigurationName = Release;
		};
/* End XCConfigurationList section */
	};
	rootObject = FE6680402BE14A9B00C62F6C /* Project object */;
}
