// !$*UTF8*$!
{
	archiveVersion = 1;
	classes = {
	};
	objectVersion = 56;
	objects = {

/* Begin PBXBuildFile section */
		FEB986EF2BD9933E006B6D1F /* Coordinator.swift in Sources */ = {isa = PBXBuildFile; fileRef = FEB986EE2BD9933E006B6D1F /* Coordinator.swift */; };
		FEB986F22BD99467006B6D1F /* Swinject in Frameworks */ = {isa = PBXBuildFile; productRef = FEB986F12BD99467006B6D1F /* Swinject */; };
		FEB986F42BD99467006B6D1F /* Swinject-Dynamic in Frameworks */ = {isa = PBXBuildFile; productRef = FEB986F32BD99467006B6D1F /* Swinject-Dynamic */; };
		FEB986F82BD99688006B6D1F /* AppCoordinator.swift in Sources */ = {isa = PBXBuildFile; fileRef = FEB986F72BD99688006B6D1F /* AppCoordinator.swift */; };
		FEB986FB2BD99A9A006B6D1F /* Operators.swift in Sources */ = {isa = PBXBuildFile; fileRef = FEB986FA2BD99A9A006B6D1F /* Operators.swift */; };
		FEB986FD2BD99E65006B6D1F /* AppDelegate + Setup.swift in Sources */ = {isa = PBXBuildFile; fileRef = FEB986FC2BD99E65006B6D1F /* AppDelegate + Setup.swift */; };
		FECAFD142BD98424006945CE /* AppDelegate.swift in Sources */ = {isa = PBXBuildFile; fileRef = FECAFD132BD98424006945CE /* AppDelegate.swift */; };
		FECAFD1D2BD98425006945CE /* Assets.xcassets in Resources */ = {isa = PBXBuildFile; fileRef = FECAFD1C2BD98425006945CE /* Assets.xcassets */; };
		FECAFD202BD98425006945CE /* Base in Resources */ = {isa = PBXBuildFile; fileRef = FECAFD1F2BD98425006945CE /* Base */; };
/* End PBXBuildFile section */

/* Begin PBXFileReference section */
		FEB986EE2BD9933E006B6D1F /* Coordinator.swift */ = {isa = PBXFileReference; lastKnownFileType = sourcecode.swift; path = Coordinator.swift; sourceTree = "<group>"; };
		FEB986F72BD99688006B6D1F /* AppCoordinator.swift */ = {isa = PBXFileReference; lastKnownFileType = sourcecode.swift; path = AppCoordinator.swift; sourceTree = "<group>"; };
		FEB986FA2BD99A9A006B6D1F /* Operators.swift */ = {isa = PBXFileReference; lastKnownFileType = sourcecode.swift; path = Operators.swift; sourceTree = "<group>"; };
		FEB986FC2BD99E65006B6D1F /* AppDelegate + Setup.swift */ = {isa = PBXFileReference; lastKnownFileType = sourcecode.swift; path = "AppDelegate + Setup.swift"; sourceTree = "<group>"; };
		FECAFD102BD98424006945CE /* BLESwift.app */ = {isa = PBXFileReference; explicitFileType = wrapper.application; includeInIndex = 0; path = BLESwift.app; sourceTree = BUILT_PRODUCTS_DIR; };
		FECAFD132BD98424006945CE /* AppDelegate.swift */ = {isa = PBXFileReference; lastKnownFileType = sourcecode.swift; path = AppDelegate.swift; sourceTree = "<group>"; };
		FECAFD1C2BD98425006945CE /* Assets.xcassets */ = {isa = PBXFileReference; lastKnownFileType = folder.assetcatalog; path = Assets.xcassets; sourceTree = "<group>"; };
		FECAFD1F2BD98425006945CE /* Base */ = {isa = PBXFileReference; lastKnownFileType = file.storyboard; name = Base; path = Base.lproj/LaunchScreen.storyboard; sourceTree = "<group>"; };
		FECAFD212BD98425006945CE /* Info.plist */ = {isa = PBXFileReference; lastKnownFileType = text.plist.xml; path = Info.plist; sourceTree = "<group>"; };
/* End PBXFileReference section */

/* Begin PBXFrameworksBuildPhase section */
		FECAFD0D2BD98424006945CE /* Frameworks */ = {
			isa = PBXFrameworksBuildPhase;
			buildActionMask = 2147483647;
			files = (
				FEB986F22BD99467006B6D1F /* Swinject in Frameworks */,
				FEB986F42BD99467006B6D1F /* Swinject-Dynamic in Frameworks */,
			);
			runOnlyForDeploymentPostprocessing = 0;
		};
/* End PBXFrameworksBuildPhase section */

/* Begin PBXGroup section */
		FEB986EC2BD9911B006B6D1F /* Supporting Files */ = {
			isa = PBXGroup;
			children = (
				FEB986EE2BD9933E006B6D1F /* Coordinator.swift */,
				FEB986FA2BD99A9A006B6D1F /* Operators.swift */,
				FEB986FC2BD99E65006B6D1F /* AppDelegate + Setup.swift */,
			);
			path = "Supporting Files";
			sourceTree = "<group>";
		};
		FEB986F52BD9957D006B6D1F /* Scenarios */ = {
			isa = PBXGroup;
			children = (
				FEB986F62BD995F7006B6D1F /* Common */,
			);
			path = Scenarios;
			sourceTree = "<group>";
		};
		FEB986F62BD995F7006B6D1F /* Common */ = {
			isa = PBXGroup;
			children = (
				FECAFD1E2BD98425006945CE /* LaunchScreen.storyboard */,
				FEB986F72BD99688006B6D1F /* AppCoordinator.swift */,
			);
			path = Common;
			sourceTree = "<group>";
		};
		FECAFD072BD98424006945CE = {
			isa = PBXGroup;
			children = (
				FECAFD122BD98424006945CE /* BLESwift */,
				FECAFD112BD98424006945CE /* Products */,
			);
			sourceTree = "<group>";
		};
		FECAFD112BD98424006945CE /* Products */ = {
			isa = PBXGroup;
			children = (
				FECAFD102BD98424006945CE /* BLESwift.app */,
			);
			name = Products;
			sourceTree = "<group>";
		};
		FECAFD122BD98424006945CE /* BLESwift */ = {
			isa = PBXGroup;
			children = (
				FECAFD132BD98424006945CE /* AppDelegate.swift */,
				FEB986F52BD9957D006B6D1F /* Scenarios */,
				FEB986EC2BD9911B006B6D1F /* Supporting Files */,
				FECAFD1C2BD98425006945CE /* Assets.xcassets */,
				FECAFD212BD98425006945CE /* Info.plist */,
			);
			path = BLESwift;
			sourceTree = "<group>";
		};
/* End PBXGroup section */

/* Begin PBXNativeTarget section */
		FECAFD0F2BD98424006945CE /* BLESwift */ = {
			isa = PBXNativeTarget;
			buildConfigurationList = FECAFD242BD98425006945CE /* Build configuration list for PBXNativeTarget "BLESwift" */;
			buildPhases = (
				FECAFD0C2BD98424006945CE /* Sources */,
				FECAFD0D2BD98424006945CE /* Frameworks */,
				FECAFD0E2BD98424006945CE /* Resources */,
			);
			buildRules = (
			);
			dependencies = (
			);
			name = BLESwift;
			packageProductDependencies = (
				FEB986F12BD99467006B6D1F /* Swinject */,
				FEB986F32BD99467006B6D1F /* Swinject-Dynamic */,
			);
			productName = BLESwift;
			productReference = FECAFD102BD98424006945CE /* BLESwift.app */;
			productType = "com.apple.product-type.application";
		};
/* End PBXNativeTarget section */

/* Begin PBXProject section */
		FECAFD082BD98424006945CE /* Project object */ = {
			isa = PBXProject;
			attributes = {
				BuildIndependentTargetsInParallel = 1;
				LastSwiftUpdateCheck = 1530;
				LastUpgradeCheck = 1530;
				TargetAttributes = {
					FECAFD0F2BD98424006945CE = {
						CreatedOnToolsVersion = 15.3;
					};
				};
			};
			buildConfigurationList = FECAFD0B2BD98424006945CE /* Build configuration list for PBXProject "BLESwift" */;
			compatibilityVersion = "Xcode 14.0";
			developmentRegion = en;
			hasScannedForEncodings = 0;
			knownRegions = (
				en,
				Base,
			);
			mainGroup = FECAFD072BD98424006945CE;
			packageReferences = (
				FEB986F02BD99467006B6D1F /* XCRemoteSwiftPackageReference "Swinject" */,
				FEB986F92BD999DF006B6D1F /* XCRemoteSwiftPackageReference "RxSwift" */,
			);
			productRefGroup = FECAFD112BD98424006945CE /* Products */;
			projectDirPath = "";
			projectRoot = "";
			targets = (
				FECAFD0F2BD98424006945CE /* BLESwift */,
			);
		};
/* End PBXProject section */

/* Begin PBXResourcesBuildPhase section */
		FECAFD0E2BD98424006945CE /* Resources */ = {
			isa = PBXResourcesBuildPhase;
			buildActionMask = 2147483647;
			files = (
				FECAFD1D2BD98425006945CE /* Assets.xcassets in Resources */,
				FECAFD202BD98425006945CE /* Base in Resources */,
			);
			runOnlyForDeploymentPostprocessing = 0;
		};
/* End PBXResourcesBuildPhase section */

/* Begin PBXSourcesBuildPhase section */
		FECAFD0C2BD98424006945CE /* Sources */ = {
			isa = PBXSourcesBuildPhase;
			buildActionMask = 2147483647;
			files = (
				FEB986EF2BD9933E006B6D1F /* Coordinator.swift in Sources */,
				FEB986F82BD99688006B6D1F /* AppCoordinator.swift in Sources */,
				FECAFD142BD98424006945CE /* AppDelegate.swift in Sources */,
				FEB986FD2BD99E65006B6D1F /* AppDelegate + Setup.swift in Sources */,
				FEB986FB2BD99A9A006B6D1F /* Operators.swift in Sources */,
			);
			runOnlyForDeploymentPostprocessing = 0;
		};
/* End PBXSourcesBuildPhase section */

/* Begin PBXVariantGroup section */
		FECAFD1E2BD98425006945CE /* LaunchScreen.storyboard */ = {
			isa = PBXVariantGroup;
			children = (
				FECAFD1F2BD98425006945CE /* Base */,
			);
			name = LaunchScreen.storyboard;
			sourceTree = "<group>";
		};
/* End PBXVariantGroup section */

/* Begin XCBuildConfiguration section */
		FECAFD222BD98425006945CE /* Debug */ = {
			isa = XCBuildConfiguration;
			buildSettings = {
				ALWAYS_SEARCH_USER_PATHS = NO;
				ASSETCATALOG_COMPILER_GENERATE_SWIFT_ASSET_SYMBOL_EXTENSIONS = YES;
				CLANG_ANALYZER_NONNULL = YES;
				CLANG_ANALYZER_NUMBER_OBJECT_CONVERSION = YES_AGGRESSIVE;
				CLANG_CXX_LANGUAGE_STANDARD = "gnu++20";
				CLANG_ENABLE_MODULES = YES;
				CLANG_ENABLE_OBJC_ARC = YES;
				CLANG_ENABLE_OBJC_WEAK = YES;
				CLANG_WARN_BLOCK_CAPTURE_AUTORELEASING = YES;
				CLANG_WARN_BOOL_CONVERSION = YES;
				CLANG_WARN_COMMA = YES;
				CLANG_WARN_CONSTANT_CONVERSION = YES;
				CLANG_WARN_DEPRECATED_OBJC_IMPLEMENTATIONS = YES;
				CLANG_WARN_DIRECT_OBJC_ISA_USAGE = YES_ERROR;
				CLANG_WARN_DOCUMENTATION_COMMENTS = YES;
				CLANG_WARN_EMPTY_BODY = YES;
				CLANG_WARN_ENUM_CONVERSION = YES;
				CLANG_WARN_INFINITE_RECURSION = YES;
				CLANG_WARN_INT_CONVERSION = YES;
				CLANG_WARN_NON_LITERAL_NULL_CONVERSION = YES;
				CLANG_WARN_OBJC_IMPLICIT_RETAIN_SELF = YES;
				CLANG_WARN_OBJC_LITERAL_CONVERSION = YES;
				CLANG_WARN_OBJC_ROOT_CLASS = YES_ERROR;
				CLANG_WARN_QUOTED_INCLUDE_IN_FRAMEWORK_HEADER = YES;
				CLANG_WARN_RANGE_LOOP_ANALYSIS = YES;
				CLANG_WARN_STRICT_PROTOTYPES = YES;
				CLANG_WARN_SUSPICIOUS_MOVE = YES;
				CLANG_WARN_UNGUARDED_AVAILABILITY = YES_AGGRESSIVE;
				CLANG_WARN_UNREACHABLE_CODE = YES;
				CLANG_WARN__DUPLICATE_METHOD_MATCH = YES;
				COPY_PHASE_STRIP = NO;
				DEBUG_INFORMATION_FORMAT = dwarf;
				ENABLE_STRICT_OBJC_MSGSEND = YES;
				ENABLE_TESTABILITY = YES;
				ENABLE_USER_SCRIPT_SANDBOXING = YES;
				GCC_C_LANGUAGE_STANDARD = gnu17;
				GCC_DYNAMIC_NO_PIC = NO;
				GCC_NO_COMMON_BLOCKS = YES;
				GCC_OPTIMIZATION_LEVEL = 0;
				GCC_PREPROCESSOR_DEFINITIONS = (
					"DEBUG=1",
					"$(inherited)",
				);
				GCC_WARN_64_TO_32_BIT_CONVERSION = YES;
				GCC_WARN_ABOUT_RETURN_TYPE = YES_ERROR;
				GCC_WARN_UNDECLARED_SELECTOR = YES;
				GCC_WARN_UNINITIALIZED_AUTOS = YES_AGGRESSIVE;
				GCC_WARN_UNUSED_FUNCTION = YES;
				GCC_WARN_UNUSED_VARIABLE = YES;
				IPHONEOS_DEPLOYMENT_TARGET = 17.4;
				LOCALIZATION_PREFERS_STRING_CATALOGS = YES;
				MTL_ENABLE_DEBUG_INFO = INCLUDE_SOURCE;
				MTL_FAST_MATH = YES;
				ONLY_ACTIVE_ARCH = YES;
				SDKROOT = iphoneos;
				SWIFT_ACTIVE_COMPILATION_CONDITIONS = "DEBUG $(inherited)";
				SWIFT_OPTIMIZATION_LEVEL = "-Onone";
			};
			name = Debug;
		};
		FECAFD232BD98425006945CE /* Release */ = {
			isa = XCBuildConfiguration;
			buildSettings = {
				ALWAYS_SEARCH_USER_PATHS = NO;
				ASSETCATALOG_COMPILER_GENERATE_SWIFT_ASSET_SYMBOL_EXTENSIONS = YES;
				CLANG_ANALYZER_NONNULL = YES;
				CLANG_ANALYZER_NUMBER_OBJECT_CONVERSION = YES_AGGRESSIVE;
				CLANG_CXX_LANGUAGE_STANDARD = "gnu++20";
				CLANG_ENABLE_MODULES = YES;
				CLANG_ENABLE_OBJC_ARC = YES;
				CLANG_ENABLE_OBJC_WEAK = YES;
				CLANG_WARN_BLOCK_CAPTURE_AUTORELEASING = YES;
				CLANG_WARN_BOOL_CONVERSION = YES;
				CLANG_WARN_COMMA = YES;
				CLANG_WARN_CONSTANT_CONVERSION = YES;
				CLANG_WARN_DEPRECATED_OBJC_IMPLEMENTATIONS = YES;
				CLANG_WARN_DIRECT_OBJC_ISA_USAGE = YES_ERROR;
				CLANG_WARN_DOCUMENTATION_COMMENTS = YES;
				CLANG_WARN_EMPTY_BODY = YES;
				CLANG_WARN_ENUM_CONVERSION = YES;
				CLANG_WARN_INFINITE_RECURSION = YES;
				CLANG_WARN_INT_CONVERSION = YES;
				CLANG_WARN_NON_LITERAL_NULL_CONVERSION = YES;
				CLANG_WARN_OBJC_IMPLICIT_RETAIN_SELF = YES;
				CLANG_WARN_OBJC_LITERAL_CONVERSION = YES;
				CLANG_WARN_OBJC_ROOT_CLASS = YES_ERROR;
				CLANG_WARN_QUOTED_INCLUDE_IN_FRAMEWORK_HEADER = YES;
				CLANG_WARN_RANGE_LOOP_ANALYSIS = YES;
				CLANG_WARN_STRICT_PROTOTYPES = YES;
				CLANG_WARN_SUSPICIOUS_MOVE = YES;
				CLANG_WARN_UNGUARDED_AVAILABILITY = YES_AGGRESSIVE;
				CLANG_WARN_UNREACHABLE_CODE = YES;
				CLANG_WARN__DUPLICATE_METHOD_MATCH = YES;
				COPY_PHASE_STRIP = NO;
				DEBUG_INFORMATION_FORMAT = "dwarf-with-dsym";
				ENABLE_NS_ASSERTIONS = NO;
				ENABLE_STRICT_OBJC_MSGSEND = YES;
				ENABLE_USER_SCRIPT_SANDBOXING = YES;
				GCC_C_LANGUAGE_STANDARD = gnu17;
				GCC_NO_COMMON_BLOCKS = YES;
				GCC_WARN_64_TO_32_BIT_CONVERSION = YES;
				GCC_WARN_ABOUT_RETURN_TYPE = YES_ERROR;
				GCC_WARN_UNDECLARED_SELECTOR = YES;
				GCC_WARN_UNINITIALIZED_AUTOS = YES_AGGRESSIVE;
				GCC_WARN_UNUSED_FUNCTION = YES;
				GCC_WARN_UNUSED_VARIABLE = YES;
				IPHONEOS_DEPLOYMENT_TARGET = 17.4;
				LOCALIZATION_PREFERS_STRING_CATALOGS = YES;
				MTL_ENABLE_DEBUG_INFO = NO;
				MTL_FAST_MATH = YES;
				SDKROOT = iphoneos;
				SWIFT_COMPILATION_MODE = wholemodule;
				VALIDATE_PRODUCT = YES;
			};
			name = Release;
		};
		FECAFD252BD98425006945CE /* Debug */ = {
			isa = XCBuildConfiguration;
			buildSettings = {
				ASSETCATALOG_COMPILER_APPICON_NAME = AppIcon;
				ASSETCATALOG_COMPILER_GLOBAL_ACCENT_COLOR_NAME = AccentColor;
				CODE_SIGN_STYLE = Automatic;
				CURRENT_PROJECT_VERSION = 1;
				GENERATE_INFOPLIST_FILE = YES;
				INFOPLIST_FILE = BLESwift/Info.plist;
				INFOPLIST_KEY_UIApplicationSupportsIndirectInputEvents = YES;
				INFOPLIST_KEY_UILaunchStoryboardName = LaunchScreen;
				INFOPLIST_KEY_UIMainStoryboardFile = "";
				INFOPLIST_KEY_UISupportedInterfaceOrientations = UIInterfaceOrientationPortrait;
				INFOPLIST_KEY_UISupportedInterfaceOrientations_iPad = "UIInterfaceOrientationLandscapeLeft UIInterfaceOrientationLandscapeRight UIInterfaceOrientationPortrait UIInterfaceOrientationPortraitUpsideDown";
				IPHONEOS_DEPLOYMENT_TARGET = 14.0;
				LD_RUNPATH_SEARCH_PATHS = (
					"$(inherited)",
					"@executable_path/Frameworks",
				);
				MARKETING_VERSION = 1.0;
				PRODUCT_BUNDLE_IDENTIFIER = hwrlshn.BLESwift;
				PRODUCT_NAME = "$(TARGET_NAME)";
				SUPPORTED_PLATFORMS = "iphoneos iphonesimulator";
				SUPPORTS_MACCATALYST = NO;
				SUPPORTS_MAC_DESIGNED_FOR_IPHONE_IPAD = NO;
				SUPPORTS_XR_DESIGNED_FOR_IPHONE_IPAD = NO;
				SWIFT_EMIT_LOC_STRINGS = YES;
				SWIFT_VERSION = 5.0;
				TARGETED_DEVICE_FAMILY = 1;
			};
			name = Debug;
		};
		FECAFD262BD98425006945CE /* Release */ = {
			isa = XCBuildConfiguration;
			buildSettings = {
				ASSETCATALOG_COMPILER_APPICON_NAME = AppIcon;
				ASSETCATALOG_COMPILER_GLOBAL_ACCENT_COLOR_NAME = AccentColor;
				CODE_SIGN_STYLE = Automatic;
				CURRENT_PROJECT_VERSION = 1;
				GENERATE_INFOPLIST_FILE = YES;
				INFOPLIST_FILE = BLESwift/Info.plist;
				INFOPLIST_KEY_UIApplicationSupportsIndirectInputEvents = YES;
				INFOPLIST_KEY_UILaunchStoryboardName = LaunchScreen;
				INFOPLIST_KEY_UIMainStoryboardFile = "";
				INFOPLIST_KEY_UISupportedInterfaceOrientations = UIInterfaceOrientationPortrait;
				INFOPLIST_KEY_UISupportedInterfaceOrientations_iPad = "UIInterfaceOrientationLandscapeLeft UIInterfaceOrientationLandscapeRight UIInterfaceOrientationPortrait UIInterfaceOrientationPortraitUpsideDown";
				IPHONEOS_DEPLOYMENT_TARGET = 14.0;
				LD_RUNPATH_SEARCH_PATHS = (
					"$(inherited)",
					"@executable_path/Frameworks",
				);
				MARKETING_VERSION = 1.0;
				PRODUCT_BUNDLE_IDENTIFIER = hwrlshn.BLESwift;
				PRODUCT_NAME = "$(TARGET_NAME)";
				SUPPORTED_PLATFORMS = "iphoneos iphonesimulator";
				SUPPORTS_MACCATALYST = NO;
				SUPPORTS_MAC_DESIGNED_FOR_IPHONE_IPAD = NO;
				SUPPORTS_XR_DESIGNED_FOR_IPHONE_IPAD = NO;
				SWIFT_EMIT_LOC_STRINGS = YES;
				SWIFT_VERSION = 5.0;
				TARGETED_DEVICE_FAMILY = 1;
			};
			name = Release;
		};
/* End XCBuildConfiguration section */

/* Begin XCConfigurationList section */
		FECAFD0B2BD98424006945CE /* Build configuration list for PBXProject "BLESwift" */ = {
			isa = XCConfigurationList;
			buildConfigurations = (
				FECAFD222BD98425006945CE /* Debug */,
				FECAFD232BD98425006945CE /* Release */,
			);
			defaultConfigurationIsVisible = 0;
			defaultConfigurationName = Release;
		};
		FECAFD242BD98425006945CE /* Build configuration list for PBXNativeTarget "BLESwift" */ = {
			isa = XCConfigurationList;
			buildConfigurations = (
				FECAFD252BD98425006945CE /* Debug */,
				FECAFD262BD98425006945CE /* Release */,
			);
			defaultConfigurationIsVisible = 0;
			defaultConfigurationName = Release;
		};
/* End XCConfigurationList section */

/* Begin XCRemoteSwiftPackageReference section */
		FEB986F02BD99467006B6D1F /* XCRemoteSwiftPackageReference "Swinject" */ = {
			isa = XCRemoteSwiftPackageReference;
			repositoryURL = "https://github.com/Swinject/Swinject.git";
			requirement = {
				kind = upToNextMajorVersion;
				minimumVersion = 2.8.7;
			};
		};
		FEB986F92BD999DF006B6D1F /* XCRemoteSwiftPackageReference "RxSwift" */ = {
			isa = XCRemoteSwiftPackageReference;
			repositoryURL = "https://github.com/ReactiveX/RxSwift";
			requirement = {
				kind = upToNextMajorVersion;
				minimumVersion = 6.7.0;
			};
		};
/* End XCRemoteSwiftPackageReference section */

/* Begin XCSwiftPackageProductDependency section */
		FEB986F12BD99467006B6D1F /* Swinject */ = {
			isa = XCSwiftPackageProductDependency;
			package = FEB986F02BD99467006B6D1F /* XCRemoteSwiftPackageReference "Swinject" */;
			productName = Swinject;
		};
		FEB986F32BD99467006B6D1F /* Swinject-Dynamic */ = {
			isa = XCSwiftPackageProductDependency;
			package = FEB986F02BD99467006B6D1F /* XCRemoteSwiftPackageReference "Swinject" */;
			productName = "Swinject-Dynamic";
		};
/* End XCSwiftPackageProductDependency section */
	};
	rootObject = FECAFD082BD98424006945CE /* Project object */;
}
