{
  "originHash" : "37ee96fdaa6794bf44618fd746434d6654a9a84d8cced9c52bb2d61a8aa47f4b",
  "pins" : [
    {
      "identity" : "rxswift",
      "kind" : "remoteSourceControl",
      "location" : "https://github.com/ReactiveX/RxSwift",
      "state" : {
        "revision" : "5949cbd3d4f3f97968bb40b6cd232f8315c6341c",
        "version" : "6.7.0"
      }
    },
    {
      "identity" : "swinject",
      "kind" : "remoteSourceControl",
      "location" : "https://github.com/Swinject/Swinject.git",
      "state" : {
        "revision" : "c7920e1f2b237ee16150ab82388d7411b578d355",
        "version" : "2.8.7"
      }
    }
  ],
  "version" : 3
}
